
Microsoft Visual Studio Solution File, Format Version 12.00
# Visual Studio Version 17
VisualStudioVersion = 17.9.34728.123
MinimumVisualStudioVersion = 10.0.40219.1
Project("{9A19103F-16F7-4668-BE54-9A1E7A4F7556}") = "Domain", "BusinessLogic\Domain.csproj", "{002D773E-B553-4972-822E-3833503FC4D5}"
EndProject
Project("{9A19103F-16F7-4668-BE54-9A1E7A4F7556}") = "DomainTest", "BusinessLogicTest\DomainTest.csproj", "{E99A53FB-9CD1-413F-9E07-81E155329E43}"
EndProject
Global
	GlobalSection(SolutionConfigurationPlatforms) = preSolution
		Debug|Any CPU = Debug|Any CPU
		Release|Any CPU = Release|Any CPU
	EndGlobalSection
	GlobalSection(ProjectConfigurationPlatforms) = postSolution
		{002D773E-B553-4972-822E-3833503FC4D5}.Debug|Any CPU.ActiveCfg = Debug|Any CPU
		{002D773E-B553-4972-822E-3833503FC4D5}.Debug|Any CPU.Build.0 = Debug|Any CPU
		{002D773E-B553-4972-822E-3833503FC4D5}.Release|Any CPU.ActiveCfg = Release|Any CPU
		{002D773E-B553-4972-822E-3833503FC4D5}.Release|Any CPU.Build.0 = Release|Any CPU
		{E99A53FB-9CD1-413F-9E07-81E155329E43}.Debug|Any CPU.ActiveCfg = Debug|Any CPU
		{E99A53FB-9CD1-413F-9E07-81E155329E43}.Debug|Any CPU.Build.0 = Debug|Any CPU
		{E99A53FB-9CD1-413F-9E07-81E155329E43}.Release|Any CPU.ActiveCfg = Release|Any CPU
		{E99A53FB-9CD1-413F-9E07-81E155329E43}.Release|Any CPU.Build.0 = Release|Any CPU
	EndGlobalSection
	GlobalSection(SolutionProperties) = preSolution
		HideSolutionNode = FALSE
	EndGlobalSection
	GlobalSection(ExtensibilityGlobals) = postSolution
		SolutionGuid = {B83C094A-E9BD-485F-89FC-EF9A73156A56}
	EndGlobalSection
EndGlobal
